
Microsoft Visual Studio Solution File, Format Version 12.00
# Visual Studio Version 17
VisualStudioVersion = 17.9.34616.47
MinimumVisualStudioVersion = 10.0.40219.1
Project("{FAE04EC0-301F-11D3-BF4B-00C04F79EFBC}") = "27.02", "27.02.csproj", "{6F20B8A3-0174-4AD8-85CE-22D4608BB4C5}"
EndProject
Global
	GlobalSection(SolutionConfigurationPlatforms) = preSolution
		Debug|Any CPU = Debug|Any CPU
		Release|Any CPU = Release|Any CPU
	EndGlobalSection
	GlobalSection(ProjectConfigurationPlatforms) = postSolution
		{6F20B8A3-0174-4AD8-85CE-22D4608BB4C5}.Debug|Any CPU.ActiveCfg = Debug|Any CPU
		{6F20B8A3-0174-4AD8-85CE-22D4608BB4C5}.Debug|Any CPU.Build.0 = Debug|Any CPU
		{6F20B8A3-0174-4AD8-85CE-22D4608BB4C5}.Release|Any CPU.ActiveCfg = Release|Any CPU
		{6F20B8A3-0174-4AD8-85CE-22D4608BB4C5}.Release|Any CPU.Build.0 = Release|Any CPU
	EndGlobalSection
	GlobalSection(SolutionProperties) = preSolution
		HideSolutionNode = FALSE
	EndGlobalSection
	GlobalSection(ExtensibilityGlobals) = postSolution
		SolutionGuid = {B1A1E13D-D254-42B1-9C89-69309435A72A}
	EndGlobalSection
EndGlobal
